// !$*UTF8*$!
{
	archiveVersion = 1;
	classes = {
	};
	objectVersion = 46;
	objects = {

/* Begin PBXBuildFile section */
		2714A31A1BDEE39B00D2F989 /* AppDelegate.swift in Sources */ = {isa = PBXBuildFile; fileRef = 2714A3191BDEE39B00D2F989 /* AppDelegate.swift */; };
		2714A31C1BDEE39B00D2F989 /* ViewController.swift in Sources */ = {isa = PBXBuildFile; fileRef = 2714A31B1BDEE39B00D2F989 /* ViewController.swift */; };
		2714A31F1BDEE39B00D2F989 /* Main.storyboard in Resources */ = {isa = PBXBuildFile; fileRef = 2714A31D1BDEE39B00D2F989 /* Main.storyboard */; };
		2714A3211BDEE39B00D2F989 /* Assets.xcassets in Resources */ = {isa = PBXBuildFile; fileRef = 2714A3201BDEE39B00D2F989 /* Assets.xcassets */; };
		2714A3241BDEE39B00D2F989 /* LaunchScreen.storyboard in Resources */ = {isa = PBXBuildFile; fileRef = 2714A3221BDEE39B00D2F989 /* LaunchScreen.storyboard */; };
		2714A32F1BDEE39B00D2F989 /* TipCalculatorTests.swift in Sources */ = {isa = PBXBuildFile; fileRef = 2714A32E1BDEE39B00D2F989 /* TipCalculatorTests.swift */; };
		2714A33A1BDEE39B00D2F989 /* TipCalculatorUITests.swift in Sources */ = {isa = PBXBuildFile; fileRef = 2714A3391BDEE39B00D2F989 /* TipCalculatorUITests.swift */; };
/* End PBXBuildFile section */

/* Begin PBXContainerItemProxy section */
		2714A32B1BDEE39B00D2F989 /* PBXContainerItemProxy */ = {
			isa = PBXContainerItemProxy;
			containerPortal = 2714A30E1BDEE39B00D2F989 /* Project object */;
			proxyType = 1;
			remoteGlobalIDString = 2714A3151BDEE39B00D2F989;
			remoteInfo = TipCalculator;
		};
		2714A3361BDEE39B00D2F989 /* PBXContainerItemProxy */ = {
			isa = PBXContainerItemProxy;
			containerPortal = 2714A30E1BDEE39B00D2F989 /* Project object */;
			proxyType = 1;
			remoteGlobalIDString = 2714A3151BDEE39B00D2F989;
			remoteInfo = TipCalculator;
		};
/* End PBXContainerItemProxy section */

/* Begin PBXFileReference section */
		2714A3161BDEE39B00D2F989 /* TipCalculator.app */ = {isa = PBXFileReference; explicitFileType = wrapper.application; includeInIndex = 0; path = TipCalculator.app; sourceTree = BUILT_PRODUCTS_DIR; };
		2714A3191BDEE39B00D2F989 /* AppDelegate.swift */ = {isa = PBXFileReference; lastKnownFileType = sourcecode.swift; path = AppDelegate.swift; sourceTree = "<group>"; };
		2714A31B1BDEE39B00D2F989 /* ViewController.swift */ = {isa = PBXFileReference; lastKnownFileType = sourcecode.swift; path = ViewController.swift; sourceTree = "<group>"; };
		2714A31E1BDEE39B00D2F989 /* Base */ = {isa = PBXFileReference; lastKnownFileType = file.storyboard; name = Base; path = Base.lproj/Main.storyboard; sourceTree = "<group>"; };
		2714A3201BDEE39B00D2F989 /* Assets.xcassets */ = {isa = PBXFileReference; lastKnownFileType = folder.assetcatalog; path = Assets.xcassets; sourceTree = "<group>"; };
		2714A3231BDEE39B00D2F989 /* Base */ = {isa = PBXFileReference; lastKnownFileType = file.storyboard; name = Base; path = Base.lproj/LaunchScreen.storyboard; sourceTree = "<group>"; };
		2714A3251BDEE39B00D2F989 /* Info.plist */ = {isa = PBXFileReference; lastKnownFileType = text.plist.xml; path = Info.plist; sourceTree = "<group>"; };
		2714A32A1BDEE39B00D2F989 /* TipCalculatorTests.xctest */ = {isa = PBXFileReference; explicitFileType = wrapper.cfbundle; includeInIndex = 0; path = TipCalculatorTests.xctest; sourceTree = BUILT_PRODUCTS_DIR; };
		2714A32E1BDEE39B00D2F989 /* TipCalculatorTests.swift */ = {isa = PBXFileReference; lastKnownFileType = sourcecode.swift; path = TipCalculatorTests.swift; sourceTree = "<group>"; };
		2714A3301BDEE39B00D2F989 /* Info.plist */ = {isa = PBXFileReference; lastKnownFileType = text.plist.xml; path = Info.plist; sourceTree = "<group>"; };
		2714A3351BDEE39B00D2F989 /* TipCalculatorUITests.xctest */ = {isa = PBXFileReference; explicitFileType = wrapper.cfbundle; includeInIndex = 0; path = TipCalculatorUITests.xctest; sourceTree = BUILT_PRODUCTS_DIR; };
		2714A3391BDEE39B00D2F989 /* TipCalculatorUITests.swift */ = {isa = PBXFileReference; lastKnownFileType = sourcecode.swift; path = TipCalculatorUITests.swift; sourceTree = "<group>"; };
		2714A33B1BDEE39B00D2F989 /* Info.plist */ = {isa = PBXFileReference; lastKnownFileType = text.plist.xml; path = Info.plist; sourceTree = "<group>"; };
/* End PBXFileReference section */

/* Begin PBXFrameworksBuildPhase section */
		2714A3131BDEE39B00D2F989 /* Frameworks */ = {
			isa = PBXFrameworksBuildPhase;
			buildActionMask = 2147483647;
			files = (
			);
			runOnlyForDeploymentPostprocessing = 0;
		};
		2714A3271BDEE39B00D2F989 /* Frameworks */ = {
			isa = PBXFrameworksBuildPhase;
			buildActionMask = 2147483647;
			files = (
			);
			runOnlyForDeploymentPostprocessing = 0;
		};
		2714A3321BDEE39B00D2F989 /* Frameworks */ = {
			isa = PBXFrameworksBuildPhase;
			buildActionMask = 2147483647;
			files = (
			);
			runOnlyForDeploymentPostprocessing = 0;
		};
/* End PBXFrameworksBuildPhase section */

/* Begin PBXGroup section */
		2714A30D1BDEE39B00D2F989 = {
			isa = PBXGroup;
			children = (
				2714A3181BDEE39B00D2F989 /* TipCalculator */,
				2714A32D1BDEE39B00D2F989 /* TipCalculatorTests */,
				2714A3381BDEE39B00D2F989 /* TipCalculatorUITests */,
				2714A3171BDEE39B00D2F989 /* Products */,
			);
			sourceTree = "<group>";
		};
		2714A3171BDEE39B00D2F989 /* Products */ = {
			isa = PBXGroup;
			children = (
				2714A3161BDEE39B00D2F989 /* TipCalculator.app */,
				2714A32A1BDEE39B00D2F989 /* TipCalculatorTests.xctest */,
				2714A3351BDEE39B00D2F989 /* TipCalculatorUITests.xctest */,
			);
			name = Products;
			sourceTree = "<group>";
		};
		2714A3181BDEE39B00D2F989 /* TipCalculator */ = {
			isa = PBXGroup;
			children = (
				2714A3191BDEE39B00D2F989 /* AppDelegate.swift */,
				2714A31B1BDEE39B00D2F989 /* ViewController.swift */,
				2714A31D1BDEE39B00D2F989 /* Main.storyboard */,
				2714A3201BDEE39B00D2F989 /* Assets.xcassets */,
				2714A3221BDEE39B00D2F989 /* LaunchScreen.storyboard */,
				2714A3251BDEE39B00D2F989 /* Info.plist */,
			);
			path = TipCalculator;
			sourceTree = "<group>";
		};
		2714A32D1BDEE39B00D2F989 /* TipCalculatorTests */ = {
			isa = PBXGroup;
			children = (
				2714A32E1BDEE39B00D2F989 /* TipCalculatorTests.swift */,
				2714A3301BDEE39B00D2F989 /* Info.plist */,
			);
			path = TipCalculatorTests;
			sourceTree = "<group>";
		};
		2714A3381BDEE39B00D2F989 /* TipCalculatorUITests */ = {
			isa = PBXGroup;
			children = (
				2714A3391BDEE39B00D2F989 /* TipCalculatorUITests.swift */,
				2714A33B1BDEE39B00D2F989 /* Info.plist */,
			);
			path = TipCalculatorUITests;
			sourceTree = "<group>";
		};
/* End PBXGroup section */

/* Begin PBXNativeTarget section */
		2714A3151BDEE39B00D2F989 /* TipCalculator */ = {
			isa = PBXNativeTarget;
			buildConfigurationList = 2714A33E1BDEE39B00D2F989 /* Build configuration list for PBXNativeTarget "TipCalculator" */;
			buildPhases = (
				2714A3121BDEE39B00D2F989 /* Sources */,
				2714A3131BDEE39B00D2F989 /* Frameworks */,
				2714A3141BDEE39B00D2F989 /* Resources */,
			);
			buildRules = (
			);
			dependencies = (
			);
			name = TipCalculator;
			productName = TipCalculator;
			productReference = 2714A3161BDEE39B00D2F989 /* TipCalculator.app */;
			productType = "com.apple.product-type.application";
		};
		2714A3291BDEE39B00D2F989 /* TipCalculatorTests */ = {
			isa = PBXNativeTarget;
			buildConfigurationList = 2714A3411BDEE39B00D2F989 /* Build configuration list for PBXNativeTarget "TipCalculatorTests" */;
			buildPhases = (
				2714A3261BDEE39B00D2F989 /* Sources */,
				2714A3271BDEE39B00D2F989 /* Frameworks */,
				2714A3281BDEE39B00D2F989 /* Resources */,
			);
			buildRules = (
			);
			dependencies = (
				2714A32C1BDEE39B00D2F989 /* PBXTargetDependency */,
			);
			name = TipCalculatorTests;
			productName = TipCalculatorTests;
			productReference = 2714A32A1BDEE39B00D2F989 /* TipCalculatorTests.xctest */;
			productType = "com.apple.product-type.bundle.unit-test";
		};
		2714A3341BDEE39B00D2F989 /* TipCalculatorUITests */ = {
			isa = PBXNativeTarget;
			buildConfigurationList = 2714A3441BDEE39B00D2F989 /* Build configuration list for PBXNativeTarget "TipCalculatorUITests" */;
			buildPhases = (
				2714A3311BDEE39B00D2F989 /* Sources */,
				2714A3321BDEE39B00D2F989 /* Frameworks */,
				2714A3331BDEE39B00D2F989 /* Resources */,
			);
			buildRules = (
			);
			dependencies = (
				2714A3371BDEE39B00D2F989 /* PBXTargetDependency */,
			);
			name = TipCalculatorUITests;
			productName = TipCalculatorUITests;
			productReference = 2714A3351BDEE39B00D2F989 /* TipCalculatorUITests.xctest */;
			productType = "com.apple.product-type.bundle.ui-testing";
		};
/* End PBXNativeTarget section */

/* Begin PBXProject section */
		2714A30E1BDEE39B00D2F989 /* Project object */ = {
			isa = PBXProject;
			attributes = {
				LastUpgradeCheck = 0700;
				ORGANIZATIONNAME = BirdWIng;
				TargetAttributes = {
					2714A3151BDEE39B00D2F989 = {
						CreatedOnToolsVersion = 7.0.1;
					};
					2714A3291BDEE39B00D2F989 = {
						CreatedOnToolsVersion = 7.0.1;
						TestTargetID = 2714A3151BDEE39B00D2F989;
					};
					2714A3341BDEE39B00D2F989 = {
						CreatedOnToolsVersion = 7.0.1;
						TestTargetID = 2714A3151BDEE39B00D2F989;
					};
				};
			};
			buildConfigurationList = 2714A3111BDEE39B00D2F989 /* Build configuration list for PBXProject "TipCalculator" */;
			compatibilityVersion = "Xcode 3.2";
			developmentRegion = English;
			hasScannedForEncodings = 0;
			knownRegions = (
				en,
				Base,
			);
			mainGroup = 2714A30D1BDEE39B00D2F989;
			productRefGroup = 2714A3171BDEE39B00D2F989 /* Products */;
			projectDirPath = "";
			projectRoot = "";
			targets = (
				2714A3151BDEE39B00D2F989 /* TipCalculator */,
				2714A3291BDEE39B00D2F989 /* TipCalculatorTests */,
				2714A3341BDEE39B00D2F989 /* TipCalculatorUITests */,
			);
		};
/* End PBXProject section */

/* Begin PBXResourcesBuildPhase section */
		2714A3141BDEE39B00D2F989 /* Resources */ = {
			isa = PBXResourcesBuildPhase;
			buildActionMask = 2147483647;
			files = (
				2714A3241BDEE39B00D2F989 /* LaunchScreen.storyboard in Resources */,
				2714A3211BDEE39B00D2F989 /* Assets.xcassets in Resources */,
				2714A31F1BDEE39B00D2F989 /* Main.storyboard in Resources */,
			);
			runOnlyForDeploymentPostprocessing = 0;
		};
		2714A3281BDEE39B00D2F989 /* Resources */ = {
			isa = PBXResourcesBuildPhase;
			buildActionMask = 2147483647;
			files = (
			);
			runOnlyForDeploymentPostprocessing = 0;
		};
		2714A3331BDEE39B00D2F989 /* Resources */ = {
			isa = PBXResourcesBuildPhase;
			buildActionMask = 2147483647;
			files = (
			);
			runOnlyForDeploymentPostprocessing = 0;
		};
/* End PBXResourcesBuildPhase section */

/* Begin PBXSourcesBuildPhase section */
		2714A3121BDEE39B00D2F989 /* Sources */ = {
			isa = PBXSourcesBuildPhase;
			buildActionMask = 2147483647;
			files = (
				2714A31C1BDEE39B00D2F989 /* ViewController.swift in Sources */,
				2714A31A1BDEE39B00D2F989 /* AppDelegate.swift in Sources */,
			);
			runOnlyForDeploymentPostprocessing = 0;
		};
		2714A3261BDEE39B00D2F989 /* Sources */ = {
			isa = PBXSourcesBuildPhase;
			buildActionMask = 2147483647;
			files = (
				2714A32F1BDEE39B00D2F989 /* TipCalculatorTests.swift in Sources */,
			);
			runOnlyForDeploymentPostprocessing = 0;
		};
		2714A3311BDEE39B00D2F989 /* Sources */ = {
			isa = PBXSourcesBuildPhase;
			buildActionMask = 2147483647;
			files = (
				2714A33A1BDEE39B00D2F989 /* TipCalculatorUITests.swift in Sources */,
			);
			runOnlyForDeploymentPostprocessing = 0;
		};
/* End PBXSourcesBuildPhase section */

/* Begin PBXTargetDependency section */
		2714A32C1BDEE39B00D2F989 /* PBXTargetDependency */ = {
			isa = PBXTargetDependency;
			target = 2714A3151BDEE39B00D2F989 /* TipCalculator */;
			targetProxy = 2714A32B1BDEE39B00D2F989 /* PBXContainerItemProxy */;
		};
		2714A3371BDEE39B00D2F989 /* PBXTargetDependency */ = {
			isa = PBXTargetDependency;
			target = 2714A3151BDEE39B00D2F989 /* TipCalculator */;
			targetProxy = 2714A3361BDEE39B00D2F989 /* PBXContainerItemProxy */;
		};
/* End PBXTargetDependency section */

/* Begin PBXVariantGroup section */
		2714A31D1BDEE39B00D2F989 /* Main.storyboard */ = {
			isa = PBXVariantGroup;
			children = (
				2714A31E1BDEE39B00D2F989 /* Base */,
			);
			name = Main.storyboard;
			sourceTree = "<group>";
		};
		2714A3221BDEE39B00D2F989 /* LaunchScreen.storyboard */ = {
			isa = PBXVariantGroup;
			children = (
				2714A3231BDEE39B00D2F989 /* Base */,
			);
			name = LaunchScreen.storyboard;
			sourceTree = "<group>";
		};
/* End PBXVariantGroup section */

/* Begin XCBuildConfiguration section */
		2714A33C1BDEE39B00D2F989 /* Debug */ = {
			isa = XCBuildConfiguration;
			buildSettings = {
				ALWAYS_SEARCH_USER_PATHS = NO;
				CLANG_CXX_LANGUAGE_STANDARD = "gnu++0x";
				CLANG_CXX_LIBRARY = "libc++";
				CLANG_ENABLE_MODULES = YES;
				CLANG_ENABLE_OBJC_ARC = YES;
				CLANG_WARN_BOOL_CONVERSION = YES;
				CLANG_WARN_CONSTANT_CONVERSION = YES;
				CLANG_WARN_DIRECT_OBJC_ISA_USAGE = YES_ERROR;
				CLANG_WARN_EMPTY_BODY = YES;
				CLANG_WARN_ENUM_CONVERSION = YES;
				CLANG_WARN_INT_CONVERSION = YES;
				CLANG_WARN_OBJC_ROOT_CLASS = YES_ERROR;
				CLANG_WARN_UNREACHABLE_CODE = YES;
				CLANG_WARN__DUPLICATE_METHOD_MATCH = YES;
				"CODE_SIGN_IDENTITY[sdk=iphoneos*]" = "iPhone Developer";
				COPY_PHASE_STRIP = NO;
				DEBUG_INFORMATION_FORMAT = dwarf;
				ENABLE_STRICT_OBJC_MSGSEND = YES;
				ENABLE_TESTABILITY = YES;
				GCC_C_LANGUAGE_STANDARD = gnu99;
				GCC_DYNAMIC_NO_PIC = NO;
				GCC_NO_COMMON_BLOCKS = YES;
				GCC_OPTIMIZATION_LEVEL = 0;
				GCC_PREPROCESSOR_DEFINITIONS = (
					"DEBUG=1",
					"$(inherited)",
				);
				GCC_WARN_64_TO_32_BIT_CONVERSION = YES;
				GCC_WARN_ABOUT_RETURN_TYPE = YES_ERROR;
				GCC_WARN_UNDECLARED_SELECTOR = YES;
				GCC_WARN_UNINITIALIZED_AUTOS = YES_AGGRESSIVE;
				GCC_WARN_UNUSED_FUNCTION = YES;
				GCC_WARN_UNUSED_VARIABLE = YES;
				IPHONEOS_DEPLOYMENT_TARGET = 9.0;
				MTL_ENABLE_DEBUG_INFO = YES;
				ONLY_ACTIVE_ARCH = YES;
				SDKROOT = iphoneos;
				SWIFT_OPTIMIZATION_LEVEL = "-Onone";
			};
			name = Debug;
		};
		2714A33D1BDEE39B00D2F989 /* Release */ = {
			isa = XCBuildConfiguration;
			buildSettings = {
				ALWAYS_SEARCH_USER_PATHS = NO;
				CLANG_CXX_LANGUAGE_STANDARD = "gnu++0x";
				CLANG_CXX_LIBRARY = "libc++";
				CLANG_ENABLE_MODULES = YES;
				CLANG_ENABLE_OBJC_ARC = YES;
				CLANG_WARN_BOOL_CONVERSION = YES;
				CLANG_WARN_CONSTANT_CONVERSION = YES;
				CLANG_WARN_DIRECT_OBJC_ISA_USAGE = YES_ERROR;
				CLANG_WARN_EMPTY_BODY = YES;
				CLANG_WARN_ENUM_CONVERSION = YES;
				CLANG_WARN_INT_CONVERSION = YES;
				CLANG_WARN_OBJC_ROOT_CLASS = YES_ERROR;
				CLANG_WARN_UNREACHABLE_CODE = YES;
				CLANG_WARN__DUPLICATE_METHOD_MATCH = YES;
				"CODE_SIGN_IDENTITY[sdk=iphoneos*]" = "iPhone Developer";
				COPY_PHASE_STRIP = NO;
				DEBUG_INFORMATION_FORMAT = "dwarf-with-dsym";
				ENABLE_NS_ASSERTIONS = NO;
				ENABLE_STRICT_OBJC_MSGSEND = YES;
				GCC_C_LANGUAGE_STANDARD = gnu99;
				GCC_NO_COMMON_BLOCKS = YES;
				GCC_WARN_64_TO_32_BIT_CONVERSION = YES;
				GCC_WARN_ABOUT_RETURN_TYPE = YES_ERROR;
				GCC_WARN_UNDECLARED_SELECTOR = YES;
				GCC_WARN_UNINITIALIZED_AUTOS = YES_AGGRESSIVE;
				GCC_WARN_UNUSED_FUNCTION = YES;
				GCC_WARN_UNUSED_VARIABLE = YES;
				IPHONEOS_DEPLOYMENT_TARGET = 9.0;
				MTL_ENABLE_DEBUG_INFO = NO;
				SDKROOT = iphoneos;
				VALIDATE_PRODUCT = YES;
			};
			name = Release;
		};
		2714A33F1BDEE39B00D2F989 /* Debug */ = {
			isa = XCBuildConfiguration;
			buildSettings = {
				ASSETCATALOG_COMPILER_APPICON_NAME = AppIcon;
				INFOPLIST_FILE = TipCalculator/Info.plist;
				LD_RUNPATH_SEARCH_PATHS = "$(inherited) @executable_path/Frameworks";
				PRODUCT_BUNDLE_IDENTIFIER = BirdWing.TipCalculator;
				PRODUCT_NAME = "$(TARGET_NAME)";
			};
			name = Debug;
		};
		2714A3401BDEE39B00D2F989 /* Release */ = {
			isa = XCBuildConfiguration;
			buildSettings = {
				ASSETCATALOG_COMPILER_APPICON_NAME = AppIcon;
				INFOPLIST_FILE = TipCalculator/Info.plist;
				LD_RUNPATH_SEARCH_PATHS = "$(inherited) @executable_path/Frameworks";
				PRODUCT_BUNDLE_IDENTIFIER = BirdWing.TipCalculator;
				PRODUCT_NAME = "$(TARGET_NAME)";
			};
			name = Release;
		};
		2714A3421BDEE39B00D2F989 /* Debug */ = {
			isa = XCBuildConfiguration;
			buildSettings = {
				BUNDLE_LOADER = "$(TEST_HOST)";
				INFOPLIST_FILE = TipCalculatorTests/Info.plist;
				LD_RUNPATH_SEARCH_PATHS = "$(inherited) @executable_path/Frameworks @loader_path/Frameworks";
				PRODUCT_BUNDLE_IDENTIFIER = BirdWing.TipCalculatorTests;
				PRODUCT_NAME = "$(TARGET_NAME)";
				TEST_HOST = "$(BUILT_PRODUCTS_DIR)/TipCalculator.app/TipCalculator";
			};
			name = Debug;
		};
		2714A3431BDEE39B00D2F989 /* Release */ = {
			isa = XCBuildConfiguration;
			buildSettings = {
				BUNDLE_LOADER = "$(TEST_HOST)";
				INFOPLIST_FILE = TipCalculatorTests/Info.plist;
				LD_RUNPATH_SEARCH_PATHS = "$(inherited) @executable_path/Frameworks @loader_path/Frameworks";
				PRODUCT_BUNDLE_IDENTIFIER = BirdWing.TipCalculatorTests;
				PRODUCT_NAME = "$(TARGET_NAME)";
				TEST_HOST = "$(BUILT_PRODUCTS_DIR)/TipCalculator.app/TipCalculator";
			};
			name = Release;
		};
		2714A3451BDEE39B00D2F989 /* Debug */ = {
			isa = XCBuildConfiguration;
			buildSettings = {
				INFOPLIST_FILE = TipCalculatorUITests/Info.plist;
				LD_RUNPATH_SEARCH_PATHS = "$(inherited) @executable_path/Frameworks @loader_path/Frameworks";
				PRODUCT_BUNDLE_IDENTIFIER = BirdWing.TipCalculatorUITests;
				PRODUCT_NAME = "$(TARGET_NAME)";
				TEST_TARGET_NAME = TipCalculator;
				USES_XCTRUNNER = YES;
			};
			name = Debug;
		};
		2714A3461BDEE39B00D2F989 /* Release */ = {
			isa = XCBuildConfiguration;
			buildSettings = {
				INFOPLIST_FILE = TipCalculatorUITests/Info.plist;
				LD_RUNPATH_SEARCH_PATHS = "$(inherited) @executable_path/Frameworks @loader_path/Frameworks";
				PRODUCT_BUNDLE_IDENTIFIER = BirdWing.TipCalculatorUITests;
				PRODUCT_NAME = "$(TARGET_NAME)";
				TEST_TARGET_NAME = TipCalculator;
				USES_XCTRUNNER = YES;
			};
			name = Release;
		};
/* End XCBuildConfiguration section */

/* Begin XCConfigurationList section */
		2714A3111BDEE39B00D2F989 /* Build configuration list for PBXProject "TipCalculator" */ = {
			isa = XCConfigurationList;
			buildConfigurations = (
				2714A33C1BDEE39B00D2F989 /* Debug */,
				2714A33D1BDEE39B00D2F989 /* Release */,
			);
			defaultConfigurationIsVisible = 0;
			defaultConfigurationName = Release;
		};
		2714A33E1BDEE39B00D2F989 /* Build configuration list for PBXNativeTarget "TipCalculator" */ = {
			isa = XCConfigurationList;
			buildConfigurations = (
				2714A33F1BDEE39B00D2F989 /* Debug */,
				2714A3401BDEE39B00D2F989 /* Release */,
			);
			defaultConfigurationIsVisible = 0;
			defaultConfigurationName = Release;
		};
		2714A3411BDEE39B00D2F989 /* Build configuration list for PBXNativeTarget "TipCalculatorTests" */ = {
			isa = XCConfigurationList;
			buildConfigurations = (
				2714A3421BDEE39B00D2F989 /* Debug */,
				2714A3431BDEE39B00D2F989 /* Release */,
			);
			defaultConfigurationIsVisible = 0;
			defaultConfigurationName = Release;
		};
		2714A3441BDEE39B00D2F989 /* Build configuration list for PBXNativeTarget "TipCalculatorUITests" */ = {
			isa = XCConfigurationList;
			buildConfigurations = (
				2714A3451BDEE39B00D2F989 /* Debug */,
				2714A3461BDEE39B00D2F989 /* Release */,
			);
			defaultConfigurationIsVisible = 0;
			defaultConfigurationName = Release;
		};
/* End XCConfigurationList section */
	};
	rootObject = 2714A30E1BDEE39B00D2F989 /* Project object */;
}
