// !$*UTF8*$!
{
	archiveVersion = 1;
	classes = {
	};
	objectVersion = 46;
	objects = {

/* Begin PBXBuildFile section */
		2789BD571BF7CDCD00BCB4B3 /* AppDelegate.swift in Sources */ = {isa = PBXBuildFile; fileRef = 2789BD561BF7CDCD00BCB4B3 /* AppDelegate.swift */; };
		2789BD591BF7CDCD00BCB4B3 /* ViewController.swift in Sources */ = {isa = PBXBuildFile; fileRef = 2789BD581BF7CDCD00BCB4B3 /* ViewController.swift */; };
		2789BD5C1BF7CDCD00BCB4B3 /* Main.storyboard in Resources */ = {isa = PBXBuildFile; fileRef = 2789BD5A1BF7CDCD00BCB4B3 /* Main.storyboard */; };
		2789BD5E1BF7CDCD00BCB4B3 /* Assets.xcassets in Resources */ = {isa = PBXBuildFile; fileRef = 2789BD5D1BF7CDCD00BCB4B3 /* Assets.xcassets */; };
		2789BD611BF7CDCD00BCB4B3 /* LaunchScreen.storyboard in Resources */ = {isa = PBXBuildFile; fileRef = 2789BD5F1BF7CDCD00BCB4B3 /* LaunchScreen.storyboard */; };
		2789BD6C1BF7CDCD00BCB4B3 /* testTests.swift in Sources */ = {isa = PBXBuildFile; fileRef = 2789BD6B1BF7CDCD00BCB4B3 /* testTests.swift */; };
		2789BD771BF7CDCD00BCB4B3 /* testUITests.swift in Sources */ = {isa = PBXBuildFile; fileRef = 2789BD761BF7CDCD00BCB4B3 /* testUITests.swift */; };
		2789BD851BF7DA8C00BCB4B3 /* AboutViewController.swift in Sources */ = {isa = PBXBuildFile; fileRef = 2789BD841BF7DA8C00BCB4B3 /* AboutViewController.swift */; };
		2789BD871BF7DF7400BCB4B3 /* CheckListViewController.swift in Sources */ = {isa = PBXBuildFile; fileRef = 2789BD861BF7DF7400BCB4B3 /* CheckListViewController.swift */; };
		2789BD891BF7E91400BCB4B3 /* CurrentLocationViewController.swift in Sources */ = {isa = PBXBuildFile; fileRef = 2789BD881BF7E91400BCB4B3 /* CurrentLocationViewController.swift */; };
		E12C3ABE1BFA897300BDAF4E /* NewToDoItemViewController.swift in Sources */ = {isa = PBXBuildFile; fileRef = E12C3ABD1BFA897300BDAF4E /* NewToDoItemViewController.swift */; };
/* End PBXBuildFile section */

/* Begin PBXContainerItemProxy section */
		2789BD681BF7CDCD00BCB4B3 /* PBXContainerItemProxy */ = {
			isa = PBXContainerItemProxy;
			containerPortal = 2789BD4B1BF7CDCD00BCB4B3 /* Project object */;
			proxyType = 1;
			remoteGlobalIDString = 2789BD521BF7CDCD00BCB4B3;
			remoteInfo = test;
		};
		2789BD731BF7CDCD00BCB4B3 /* PBXContainerItemProxy */ = {
			isa = PBXContainerItemProxy;
			containerPortal = 2789BD4B1BF7CDCD00BCB4B3 /* Project object */;
			proxyType = 1;
			remoteGlobalIDString = 2789BD521BF7CDCD00BCB4B3;
			remoteInfo = test;
		};
/* End PBXContainerItemProxy section */

/* Begin PBXFileReference section */
		2789BD531BF7CDCD00BCB4B3 /* test.app */ = {isa = PBXFileReference; explicitFileType = wrapper.application; includeInIndex = 0; path = test.app; sourceTree = BUILT_PRODUCTS_DIR; };
		2789BD561BF7CDCD00BCB4B3 /* AppDelegate.swift */ = {isa = PBXFileReference; lastKnownFileType = sourcecode.swift; path = AppDelegate.swift; sourceTree = "<group>"; };
		2789BD581BF7CDCD00BCB4B3 /* ViewController.swift */ = {isa = PBXFileReference; lastKnownFileType = sourcecode.swift; path = ViewController.swift; sourceTree = "<group>"; };
		2789BD5B1BF7CDCD00BCB4B3 /* Base */ = {isa = PBXFileReference; lastKnownFileType = file.storyboard; name = Base; path = Base.lproj/Main.storyboard; sourceTree = "<group>"; };
		2789BD5D1BF7CDCD00BCB4B3 /* Assets.xcassets */ = {isa = PBXFileReference; lastKnownFileType = folder.assetcatalog; path = Assets.xcassets; sourceTree = "<group>"; };
		2789BD601BF7CDCD00BCB4B3 /* Base */ = {isa = PBXFileReference; lastKnownFileType = file.storyboard; name = Base; path = Base.lproj/LaunchScreen.storyboard; sourceTree = "<group>"; };
		2789BD621BF7CDCD00BCB4B3 /* Info.plist */ = {isa = PBXFileReference; lastKnownFileType = text.plist.xml; path = Info.plist; sourceTree = "<group>"; };
		2789BD671BF7CDCD00BCB4B3 /* testTests.xctest */ = {isa = PBXFileReference; explicitFileType = wrapper.cfbundle; includeInIndex = 0; path = testTests.xctest; sourceTree = BUILT_PRODUCTS_DIR; };
		2789BD6B1BF7CDCD00BCB4B3 /* testTests.swift */ = {isa = PBXFileReference; lastKnownFileType = sourcecode.swift; path = testTests.swift; sourceTree = "<group>"; };
		2789BD6D1BF7CDCD00BCB4B3 /* Info.plist */ = {isa = PBXFileReference; lastKnownFileType = text.plist.xml; path = Info.plist; sourceTree = "<group>"; };
		2789BD721BF7CDCD00BCB4B3 /* testUITests.xctest */ = {isa = PBXFileReference; explicitFileType = wrapper.cfbundle; includeInIndex = 0; path = testUITests.xctest; sourceTree = BUILT_PRODUCTS_DIR; };
		2789BD761BF7CDCD00BCB4B3 /* testUITests.swift */ = {isa = PBXFileReference; lastKnownFileType = sourcecode.swift; path = testUITests.swift; sourceTree = "<group>"; };
		2789BD781BF7CDCD00BCB4B3 /* Info.plist */ = {isa = PBXFileReference; lastKnownFileType = text.plist.xml; path = Info.plist; sourceTree = "<group>"; };
		2789BD841BF7DA8C00BCB4B3 /* AboutViewController.swift */ = {isa = PBXFileReference; fileEncoding = 4; lastKnownFileType = sourcecode.swift; path = AboutViewController.swift; sourceTree = "<group>"; };
		2789BD861BF7DF7400BCB4B3 /* CheckListViewController.swift */ = {isa = PBXFileReference; fileEncoding = 4; lastKnownFileType = sourcecode.swift; path = CheckListViewController.swift; sourceTree = "<group>"; };
		2789BD881BF7E91400BCB4B3 /* CurrentLocationViewController.swift */ = {isa = PBXFileReference; fileEncoding = 4; lastKnownFileType = sourcecode.swift; path = CurrentLocationViewController.swift; sourceTree = "<group>"; };
		E12C3ABD1BFA897300BDAF4E /* NewToDoItemViewController.swift */ = {isa = PBXFileReference; fileEncoding = 4; lastKnownFileType = sourcecode.swift; path = NewToDoItemViewController.swift; sourceTree = "<group>"; };
/* End PBXFileReference section */

/* Begin PBXFrameworksBuildPhase section */
		2789BD501BF7CDCD00BCB4B3 /* Frameworks */ = {
			isa = PBXFrameworksBuildPhase;
			buildActionMask = 2147483647;
			files = (
			);
			runOnlyForDeploymentPostprocessing = 0;
		};
		2789BD641BF7CDCD00BCB4B3 /* Frameworks */ = {
			isa = PBXFrameworksBuildPhase;
			buildActionMask = 2147483647;
			files = (
			);
			runOnlyForDeploymentPostprocessing = 0;
		};
		2789BD6F1BF7CDCD00BCB4B3 /* Frameworks */ = {
			isa = PBXFrameworksBuildPhase;
			buildActionMask = 2147483647;
			files = (
			);
			runOnlyForDeploymentPostprocessing = 0;
		};
/* End PBXFrameworksBuildPhase section */

/* Begin PBXGroup section */
		2789BD4A1BF7CDCD00BCB4B3 = {
			isa = PBXGroup;
			children = (
				2789BD551BF7CDCD00BCB4B3 /* test */,
				2789BD6A1BF7CDCD00BCB4B3 /* testTests */,
				2789BD751BF7CDCD00BCB4B3 /* testUITests */,
				2789BD541BF7CDCD00BCB4B3 /* Products */,
			);
			sourceTree = "<group>";
		};
		2789BD541BF7CDCD00BCB4B3 /* Products */ = {
			isa = PBXGroup;
			children = (
				2789BD531BF7CDCD00BCB4B3 /* test.app */,
				2789BD671BF7CDCD00BCB4B3 /* testTests.xctest */,
				2789BD721BF7CDCD00BCB4B3 /* testUITests.xctest */,
			);
			name = Products;
			sourceTree = "<group>";
		};
		2789BD551BF7CDCD00BCB4B3 /* test */ = {
			isa = PBXGroup;
			children = (
				2789BD561BF7CDCD00BCB4B3 /* AppDelegate.swift */,
				2789BD581BF7CDCD00BCB4B3 /* ViewController.swift */,
				2789BD841BF7DA8C00BCB4B3 /* AboutViewController.swift */,
				2789BD861BF7DF7400BCB4B3 /* CheckListViewController.swift */,
				E12C3ABD1BFA897300BDAF4E /* NewToDoItemViewController.swift */,
				2789BD881BF7E91400BCB4B3 /* CurrentLocationViewController.swift */,
				2789BD5A1BF7CDCD00BCB4B3 /* Main.storyboard */,
				2789BD5D1BF7CDCD00BCB4B3 /* Assets.xcassets */,
				2789BD5F1BF7CDCD00BCB4B3 /* LaunchScreen.storyboard */,
				2789BD621BF7CDCD00BCB4B3 /* Info.plist */,
			);
			path = test;
			sourceTree = "<group>";
		};
		2789BD6A1BF7CDCD00BCB4B3 /* testTests */ = {
			isa = PBXGroup;
			children = (
				2789BD6B1BF7CDCD00BCB4B3 /* testTests.swift */,
				2789BD6D1BF7CDCD00BCB4B3 /* Info.plist */,
			);
			path = testTests;
			sourceTree = "<group>";
		};
		2789BD751BF7CDCD00BCB4B3 /* testUITests */ = {
			isa = PBXGroup;
			children = (
				2789BD761BF7CDCD00BCB4B3 /* testUITests.swift */,
				2789BD781BF7CDCD00BCB4B3 /* Info.plist */,
			);
			path = testUITests;
			sourceTree = "<group>";
		};
/* End PBXGroup section */

/* Begin PBXNativeTarget section */
		2789BD521BF7CDCD00BCB4B3 /* test */ = {
			isa = PBXNativeTarget;
			buildConfigurationList = 2789BD7B1BF7CDCD00BCB4B3 /* Build configuration list for PBXNativeTarget "test" */;
			buildPhases = (
				2789BD4F1BF7CDCD00BCB4B3 /* Sources */,
				2789BD501BF7CDCD00BCB4B3 /* Frameworks */,
				2789BD511BF7CDCD00BCB4B3 /* Resources */,
			);
			buildRules = (
			);
			dependencies = (
			);
			name = test;
			productName = test;
			productReference = 2789BD531BF7CDCD00BCB4B3 /* test.app */;
			productType = "com.apple.product-type.application";
		};
		2789BD661BF7CDCD00BCB4B3 /* testTests */ = {
			isa = PBXNativeTarget;
			buildConfigurationList = 2789BD7E1BF7CDCD00BCB4B3 /* Build configuration list for PBXNativeTarget "testTests" */;
			buildPhases = (
				2789BD631BF7CDCD00BCB4B3 /* Sources */,
				2789BD641BF7CDCD00BCB4B3 /* Frameworks */,
				2789BD651BF7CDCD00BCB4B3 /* Resources */,
			);
			buildRules = (
			);
			dependencies = (
				2789BD691BF7CDCD00BCB4B3 /* PBXTargetDependency */,
			);
			name = testTests;
			productName = testTests;
			productReference = 2789BD671BF7CDCD00BCB4B3 /* testTests.xctest */;
			productType = "com.apple.product-type.bundle.unit-test";
		};
		2789BD711BF7CDCD00BCB4B3 /* testUITests */ = {
			isa = PBXNativeTarget;
			buildConfigurationList = 2789BD811BF7CDCD00BCB4B3 /* Build configuration list for PBXNativeTarget "testUITests" */;
			buildPhases = (
				2789BD6E1BF7CDCD00BCB4B3 /* Sources */,
				2789BD6F1BF7CDCD00BCB4B3 /* Frameworks */,
				2789BD701BF7CDCD00BCB4B3 /* Resources */,
			);
			buildRules = (
			);
			dependencies = (
				2789BD741BF7CDCD00BCB4B3 /* PBXTargetDependency */,
			);
			name = testUITests;
			productName = testUITests;
			productReference = 2789BD721BF7CDCD00BCB4B3 /* testUITests.xctest */;
			productType = "com.apple.product-type.bundle.ui-testing";
		};
/* End PBXNativeTarget section */

/* Begin PBXProject section */
		2789BD4B1BF7CDCD00BCB4B3 /* Project object */ = {
			isa = PBXProject;
			attributes = {
				LastSwiftUpdateCheck = 0710;
				LastUpgradeCheck = 0710;
				ORGANIZATIONNAME = BirdWIng;
				TargetAttributes = {
					2789BD521BF7CDCD00BCB4B3 = {
						CreatedOnToolsVersion = 7.1.1;
						DevelopmentTeam = RFG59VNY29;
					};
					2789BD661BF7CDCD00BCB4B3 = {
						CreatedOnToolsVersion = 7.1.1;
						TestTargetID = 2789BD521BF7CDCD00BCB4B3;
					};
					2789BD711BF7CDCD00BCB4B3 = {
						CreatedOnToolsVersion = 7.1.1;
						TestTargetID = 2789BD521BF7CDCD00BCB4B3;
					};
				};
			};
			buildConfigurationList = 2789BD4E1BF7CDCD00BCB4B3 /* Build configuration list for PBXProject "test" */;
			compatibilityVersion = "Xcode 3.2";
			developmentRegion = English;
			hasScannedForEncodings = 0;
			knownRegions = (
				en,
				Base,
			);
			mainGroup = 2789BD4A1BF7CDCD00BCB4B3;
			productRefGroup = 2789BD541BF7CDCD00BCB4B3 /* Products */;
			projectDirPath = "";
			projectRoot = "";
			targets = (
				2789BD521BF7CDCD00BCB4B3 /* test */,
				2789BD661BF7CDCD00BCB4B3 /* testTests */,
				2789BD711BF7CDCD00BCB4B3 /* testUITests */,
			);
		};
/* End PBXProject section */

/* Begin PBXResourcesBuildPhase section */
		2789BD511BF7CDCD00BCB4B3 /* Resources */ = {
			isa = PBXResourcesBuildPhase;
			buildActionMask = 2147483647;
			files = (
				2789BD611BF7CDCD00BCB4B3 /* LaunchScreen.storyboard in Resources */,
				2789BD5E1BF7CDCD00BCB4B3 /* Assets.xcassets in Resources */,
				2789BD5C1BF7CDCD00BCB4B3 /* Main.storyboard in Resources */,
			);
			runOnlyForDeploymentPostprocessing = 0;
		};
		2789BD651BF7CDCD00BCB4B3 /* Resources */ = {
			isa = PBXResourcesBuildPhase;
			buildActionMask = 2147483647;
			files = (
			);
			runOnlyForDeploymentPostprocessing = 0;
		};
		2789BD701BF7CDCD00BCB4B3 /* Resources */ = {
			isa = PBXResourcesBuildPhase;
			buildActionMask = 2147483647;
			files = (
			);
			runOnlyForDeploymentPostprocessing = 0;
		};
/* End PBXResourcesBuildPhase section */

/* Begin PBXSourcesBuildPhase section */
		2789BD4F1BF7CDCD00BCB4B3 /* Sources */ = {
			isa = PBXSourcesBuildPhase;
			buildActionMask = 2147483647;
			files = (
				E12C3ABE1BFA897300BDAF4E /* NewToDoItemViewController.swift in Sources */,
				2789BD851BF7DA8C00BCB4B3 /* AboutViewController.swift in Sources */,
				2789BD891BF7E91400BCB4B3 /* CurrentLocationViewController.swift in Sources */,
				2789BD871BF7DF7400BCB4B3 /* CheckListViewController.swift in Sources */,
				2789BD591BF7CDCD00BCB4B3 /* ViewController.swift in Sources */,
				2789BD571BF7CDCD00BCB4B3 /* AppDelegate.swift in Sources */,
			);
			runOnlyForDeploymentPostprocessing = 0;
		};
		2789BD631BF7CDCD00BCB4B3 /* Sources */ = {
			isa = PBXSourcesBuildPhase;
			buildActionMask = 2147483647;
			files = (
				2789BD6C1BF7CDCD00BCB4B3 /* testTests.swift in Sources */,
			);
			runOnlyForDeploymentPostprocessing = 0;
		};
		2789BD6E1BF7CDCD00BCB4B3 /* Sources */ = {
			isa = PBXSourcesBuildPhase;
			buildActionMask = 2147483647;
			files = (
				2789BD771BF7CDCD00BCB4B3 /* testUITests.swift in Sources */,
			);
			runOnlyForDeploymentPostprocessing = 0;
		};
/* End PBXSourcesBuildPhase section */

/* Begin PBXTargetDependency section */
		2789BD691BF7CDCD00BCB4B3 /* PBXTargetDependency */ = {
			isa = PBXTargetDependency;
			target = 2789BD521BF7CDCD00BCB4B3 /* test */;
			targetProxy = 2789BD681BF7CDCD00BCB4B3 /* PBXContainerItemProxy */;
		};
		2789BD741BF7CDCD00BCB4B3 /* PBXTargetDependency */ = {
			isa = PBXTargetDependency;
			target = 2789BD521BF7CDCD00BCB4B3 /* test */;
			targetProxy = 2789BD731BF7CDCD00BCB4B3 /* PBXContainerItemProxy */;
		};
/* End PBXTargetDependency section */

/* Begin PBXVariantGroup section */
		2789BD5A1BF7CDCD00BCB4B3 /* Main.storyboard */ = {
			isa = PBXVariantGroup;
			children = (
				2789BD5B1BF7CDCD00BCB4B3 /* Base */,
			);
			name = Main.storyboard;
			sourceTree = "<group>";
		};
		2789BD5F1BF7CDCD00BCB4B3 /* LaunchScreen.storyboard */ = {
			isa = PBXVariantGroup;
			children = (
				2789BD601BF7CDCD00BCB4B3 /* Base */,
			);
			name = LaunchScreen.storyboard;
			sourceTree = "<group>";
		};
/* End PBXVariantGroup section */

/* Begin XCBuildConfiguration section */
		2789BD791BF7CDCD00BCB4B3 /* Debug */ = {
			isa = XCBuildConfiguration;
			buildSettings = {
				ALWAYS_SEARCH_USER_PATHS = NO;
				CLANG_CXX_LANGUAGE_STANDARD = "gnu++0x";
				CLANG_CXX_LIBRARY = "libc++";
				CLANG_ENABLE_MODULES = YES;
				CLANG_ENABLE_OBJC_ARC = YES;
				CLANG_WARN_BOOL_CONVERSION = YES;
				CLANG_WARN_CONSTANT_CONVERSION = YES;
				CLANG_WARN_DIRECT_OBJC_ISA_USAGE = YES_ERROR;
				CLANG_WARN_EMPTY_BODY = YES;
				CLANG_WARN_ENUM_CONVERSION = YES;
				CLANG_WARN_INT_CONVERSION = YES;
				CLANG_WARN_OBJC_ROOT_CLASS = YES_ERROR;
				CLANG_WARN_UNREACHABLE_CODE = YES;
				CLANG_WARN__DUPLICATE_METHOD_MATCH = YES;
				"CODE_SIGN_IDENTITY[sdk=iphoneos*]" = "iPhone Developer";
				COPY_PHASE_STRIP = NO;
				DEBUG_INFORMATION_FORMAT = dwarf;
				ENABLE_STRICT_OBJC_MSGSEND = YES;
				ENABLE_TESTABILITY = YES;
				GCC_C_LANGUAGE_STANDARD = gnu99;
				GCC_DYNAMIC_NO_PIC = NO;
				GCC_NO_COMMON_BLOCKS = YES;
				GCC_OPTIMIZATION_LEVEL = 0;
				GCC_PREPROCESSOR_DEFINITIONS = (
					"DEBUG=1",
					"$(inherited)",
				);
				GCC_WARN_64_TO_32_BIT_CONVERSION = YES;
				GCC_WARN_ABOUT_RETURN_TYPE = YES_ERROR;
				GCC_WARN_UNDECLARED_SELECTOR = YES;
				GCC_WARN_UNINITIALIZED_AUTOS = YES_AGGRESSIVE;
				GCC_WARN_UNUSED_FUNCTION = YES;
				GCC_WARN_UNUSED_VARIABLE = YES;
				IPHONEOS_DEPLOYMENT_TARGET = 9.1;
				MTL_ENABLE_DEBUG_INFO = YES;
				ONLY_ACTIVE_ARCH = YES;
				SDKROOT = iphoneos;
				SWIFT_OPTIMIZATION_LEVEL = "-Onone";
			};
			name = Debug;
		};
		2789BD7A1BF7CDCD00BCB4B3 /* Release */ = {
			isa = XCBuildConfiguration;
			buildSettings = {
				ALWAYS_SEARCH_USER_PATHS = NO;
				CLANG_CXX_LANGUAGE_STANDARD = "gnu++0x";
				CLANG_CXX_LIBRARY = "libc++";
				CLANG_ENABLE_MODULES = YES;
				CLANG_ENABLE_OBJC_ARC = YES;
				CLANG_WARN_BOOL_CONVERSION = YES;
				CLANG_WARN_CONSTANT_CONVERSION = YES;
				CLANG_WARN_DIRECT_OBJC_ISA_USAGE = YES_ERROR;
				CLANG_WARN_EMPTY_BODY = YES;
				CLANG_WARN_ENUM_CONVERSION = YES;
				CLANG_WARN_INT_CONVERSION = YES;
				CLANG_WARN_OBJC_ROOT_CLASS = YES_ERROR;
				CLANG_WARN_UNREACHABLE_CODE = YES;
				CLANG_WARN__DUPLICATE_METHOD_MATCH = YES;
				"CODE_SIGN_IDENTITY[sdk=iphoneos*]" = "iPhone Developer";
				COPY_PHASE_STRIP = NO;
				DEBUG_INFORMATION_FORMAT = "dwarf-with-dsym";
				ENABLE_NS_ASSERTIONS = NO;
				ENABLE_STRICT_OBJC_MSGSEND = YES;
				GCC_C_LANGUAGE_STANDARD = gnu99;
				GCC_NO_COMMON_BLOCKS = YES;
				GCC_WARN_64_TO_32_BIT_CONVERSION = YES;
				GCC_WARN_ABOUT_RETURN_TYPE = YES_ERROR;
				GCC_WARN_UNDECLARED_SELECTOR = YES;
				GCC_WARN_UNINITIALIZED_AUTOS = YES_AGGRESSIVE;
				GCC_WARN_UNUSED_FUNCTION = YES;
				GCC_WARN_UNUSED_VARIABLE = YES;
				IPHONEOS_DEPLOYMENT_TARGET = 9.1;
				MTL_ENABLE_DEBUG_INFO = NO;
				SDKROOT = iphoneos;
				VALIDATE_PRODUCT = YES;
			};
			name = Release;
		};
		2789BD7C1BF7CDCD00BCB4B3 /* Debug */ = {
			isa = XCBuildConfiguration;
			buildSettings = {
				ASSETCATALOG_COMPILER_APPICON_NAME = AppIcon;
				CODE_SIGN_IDENTITY = "iPhone Developer";
				"CODE_SIGN_IDENTITY[sdk=iphoneos*]" = "iPhone Developer";
				INFOPLIST_FILE = test/Info.plist;
				LD_RUNPATH_SEARCH_PATHS = "$(inherited) @executable_path/Frameworks";
				PRODUCT_BUNDLE_IDENTIFIER = BirdWing.test;
				PRODUCT_NAME = "$(TARGET_NAME)";
				PROVISIONING_PROFILE = "";
			};
			name = Debug;
		};
		2789BD7D1BF7CDCD00BCB4B3 /* Release */ = {
			isa = XCBuildConfiguration;
			buildSettings = {
				ASSETCATALOG_COMPILER_APPICON_NAME = AppIcon;
				CODE_SIGN_IDENTITY = "iPhone Developer";
				"CODE_SIGN_IDENTITY[sdk=iphoneos*]" = "iPhone Developer";
				INFOPLIST_FILE = test/Info.plist;
				LD_RUNPATH_SEARCH_PATHS = "$(inherited) @executable_path/Frameworks";
				PRODUCT_BUNDLE_IDENTIFIER = BirdWing.test;
				PRODUCT_NAME = "$(TARGET_NAME)";
				PROVISIONING_PROFILE = "";
			};
			name = Release;
		};
		2789BD7F1BF7CDCD00BCB4B3 /* Debug */ = {
			isa = XCBuildConfiguration;
			buildSettings = {
				BUNDLE_LOADER = "$(TEST_HOST)";
				INFOPLIST_FILE = testTests/Info.plist;
				LD_RUNPATH_SEARCH_PATHS = "$(inherited) @executable_path/Frameworks @loader_path/Frameworks";
				PRODUCT_BUNDLE_IDENTIFIER = BirdWing.testTests;
				PRODUCT_NAME = "$(TARGET_NAME)";
				TEST_HOST = "$(BUILT_PRODUCTS_DIR)/test.app/test";
			};
			name = Debug;
		};
		2789BD801BF7CDCD00BCB4B3 /* Release */ = {
			isa = XCBuildConfiguration;
			buildSettings = {
				BUNDLE_LOADER = "$(TEST_HOST)";
				INFOPLIST_FILE = testTests/Info.plist;
				LD_RUNPATH_SEARCH_PATHS = "$(inherited) @executable_path/Frameworks @loader_path/Frameworks";
				PRODUCT_BUNDLE_IDENTIFIER = BirdWing.testTests;
				PRODUCT_NAME = "$(TARGET_NAME)";
				TEST_HOST = "$(BUILT_PRODUCTS_DIR)/test.app/test";
			};
			name = Release;
		};
		2789BD821BF7CDCD00BCB4B3 /* Debug */ = {
			isa = XCBuildConfiguration;
			buildSettings = {
				INFOPLIST_FILE = testUITests/Info.plist;
				LD_RUNPATH_SEARCH_PATHS = "$(inherited) @executable_path/Frameworks @loader_path/Frameworks";
				PRODUCT_BUNDLE_IDENTIFIER = BirdWing.testUITests;
				PRODUCT_NAME = "$(TARGET_NAME)";
				TEST_TARGET_NAME = test;
				USES_XCTRUNNER = YES;
			};
			name = Debug;
		};
		2789BD831BF7CDCD00BCB4B3 /* Release */ = {
			isa = XCBuildConfiguration;
			buildSettings = {
				INFOPLIST_FILE = testUITests/Info.plist;
				LD_RUNPATH_SEARCH_PATHS = "$(inherited) @executable_path/Frameworks @loader_path/Frameworks";
				PRODUCT_BUNDLE_IDENTIFIER = BirdWing.testUITests;
				PRODUCT_NAME = "$(TARGET_NAME)";
				TEST_TARGET_NAME = test;
				USES_XCTRUNNER = YES;
			};
			name = Release;
		};
/* End XCBuildConfiguration section */

/* Begin XCConfigurationList section */
		2789BD4E1BF7CDCD00BCB4B3 /* Build configuration list for PBXProject "test" */ = {
			isa = XCConfigurationList;
			buildConfigurations = (
				2789BD791BF7CDCD00BCB4B3 /* Debug */,
				2789BD7A1BF7CDCD00BCB4B3 /* Release */,
			);
			defaultConfigurationIsVisible = 0;
			defaultConfigurationName = Release;
		};
		2789BD7B1BF7CDCD00BCB4B3 /* Build configuration list for PBXNativeTarget "test" */ = {
			isa = XCConfigurationList;
			buildConfigurations = (
				2789BD7C1BF7CDCD00BCB4B3 /* Debug */,
				2789BD7D1BF7CDCD00BCB4B3 /* Release */,
			);
			defaultConfigurationIsVisible = 0;
			defaultConfigurationName = Release;
		};
		2789BD7E1BF7CDCD00BCB4B3 /* Build configuration list for PBXNativeTarget "testTests" */ = {
			isa = XCConfigurationList;
			buildConfigurations = (
				2789BD7F1BF7CDCD00BCB4B3 /* Debug */,
				2789BD801BF7CDCD00BCB4B3 /* Release */,
			);
			defaultConfigurationIsVisible = 0;
			defaultConfigurationName = Release;
		};
		2789BD811BF7CDCD00BCB4B3 /* Build configuration list for PBXNativeTarget "testUITests" */ = {
			isa = XCConfigurationList;
			buildConfigurations = (
				2789BD821BF7CDCD00BCB4B3 /* Debug */,
				2789BD831BF7CDCD00BCB4B3 /* Release */,
			);
			defaultConfigurationIsVisible = 0;
			defaultConfigurationName = Release;
		};
/* End XCConfigurationList section */
	};
	rootObject = 2789BD4B1BF7CDCD00BCB4B3 /* Project object */;
}
